{
    "_readme": [
        "This file locks the dependencies of your project to a known state",
        "Read more about it at https://getcomposer.org/doc/01-basic-usage.md#installing-dependencies",
        "This file is @generated automatically"
    ],
    "content-hash": "85a00dcf298ad9dbf69122b31cb1db12",
    "packages": [
        {
            "name": "workerman/gateway-worker",
            "version": "v3.1.5",
            "source": {
                "type": "git",
                "url": "https://github.com/walkor/GatewayWorker.git",
                "reference": "c1552dd9fec670ecf8d5db9bfaf61e1821636f32"
            },
            "dist": {
                "type": "zip",
                "url": "https://api.github.com/repos/walkor/GatewayWorker/zipball/c1552dd9fec670ecf8d5db9bfaf61e1821636f32",
                "reference": "c1552dd9fec670ecf8d5db9bfaf61e1821636f32",
                "shasum": ""
            },
            "require": {
                "workerman/workerman": "^4.0.0"
            },
            "type": "library",
            "extra": {
                "branch-alias": {
                    "dev-master": "4.0-dev"
                }
            },
            "autoload": {
                "psr-4": {
                    "GatewayWorker\\": "./src"
                }
            },
            "notification-url": "https://packagist.org/downloads/",
            "license": [
                "MIT"
            ],
            "homepage": "http://www.workerman.net",
            "keywords": [
                "communication",
                "distributed"
            ],
            "support": {
                "issues": "https://github.com/walkor/GatewayWorker/issues",
                "source": "https://github.com/walkor/GatewayWorker/tree/v3.1.5"
            },
            "funding": [
                {
                    "url": "https://opencollective.com/walkor",
                    "type": "open_collective"
                },
                {
                    "url": "https://www.patreon.com/walkor",
                    "type": "patreon"
                }
            ],
            "time": "2023-12-27T12:36:59+00:00"
        },
        {
            "name": "workerman/gatewayclient",
            "version": "v3.0.17",
            "source": {
                "type": "git",
                "url": "https://github.com/walkor/GatewayClient.git",
                "reference": "0f67651ce92628d5e85d2ae45478f12b0d1e9f66"
            },
            "dist": {
                "type": "zip",
                "url": "https://api.github.com/repos/walkor/GatewayClient/zipball/0f67651ce92628d5e85d2ae45478f12b0d1e9f66",
                "reference": "0f67651ce92628d5e85d2ae45478f12b0d1e9f66",
                "shasum": ""
            },
            "type": "library",
            "autoload": {
                "psr-4": {
                    "GatewayClient\\": "./"
                }
            },
            "notification-url": "https://packagist.org/downloads/",
            "license": [
                "MIT"
            ],
            "homepage": "http://www.workerman.net",
            "support": {
                "issues": "https://github.com/walkor/GatewayClient/issues",
                "source": "https://github.com/walkor/GatewayClient/tree/v3.0.17"
            },
            "time": "2023-11-09T13:48:46+00:00"
        },
        {
            "name": "workerman/workerman",
            "version": "v4.1.14",
            "source": {
                "type": "git",
                "url": "https://github.com/walkor/workerman.git",
                "reference": "f7c9667c7b5387c01fa9e50ee79ed931e93ee76e"
            },
            "dist": {
                "type": "zip",
                "url": "https://api.github.com/repos/walkor/workerman/zipball/f7c9667c7b5387c01fa9e50ee79ed931e93ee76e",
                "reference": "f7c9667c7b5387c01fa9e50ee79ed931e93ee76e",
                "shasum": ""
            },
            "require": {
                "php": ">=7.0"
            },
            "suggest": {
                "ext-event": "For better performance. "
            },
            "type": "library",
            "autoload": {
                "psr-4": {
                    "Workerman\\": "./"
                }
            },
            "notification-url": "https://packagist.org/downloads/",
            "license": [
                "MIT"
            ],
            "authors": [
                {
                    "name": "walkor",
                    "email": "walkor@workerman.net",
                    "homepage": "http://www.workerman.net",
                    "role": "Developer"
                }
            ],
            "description": "An asynchronous event driven PHP framework for easily building fast, scalable network applications.",
            "homepage": "http://www.workerman.net",
            "keywords": [
                "asynchronous",
                "event-loop"
            ],
            "support": {
                "email": "walkor@workerman.net",
                "forum": "http://wenda.workerman.net/",
                "issues": "https://github.com/walkor/workerman/issues",
                "source": "https://github.com/walkor/workerman",
                "wiki": "http://doc.workerman.net/"
            },
            "funding": [
                {
                    "url": "https://opencollective.com/workerman",
                    "type": "open_collective"
                },
                {
                    "url": "https://www.patreon.com/walkor",
                    "type": "patreon"
                }
            ],
            "time": "2023-08-09T03:37:45+00:00"
        }
    ],
    "packages-dev": [],
    "aliases": [],
    "minimum-stability": "stable",
    "stability-flags": [],
    "prefer-stable": false,
    "prefer-lowest": false,
    "platform": {
        "php": ">=7.2.0"
    },
    "platform-dev": [],
    "plugin-api-version": "2.2.0"
}
